<?xml version="1.0" encoding="utf-8"?>
<Project xmlns="http://schemas.microsoft.com/developer/msbuild/2003">
  <ItemGroup>
    <Filter Include="Generated Files">
      <UniqueIdentifier>{71ED8ED8-ACB9-4CE9-BBE1-E00B30144E11}</UniqueIdentifier>
      <Extensions>cpp;c;cxx;moc;h;def;odl;idl;res;</Extensions>
    </Filter>
    <Filter Include="Generated Files">
      <UniqueIdentifier>{71ED8ED8-ACB9-4CE9-BBE1-E00B30144E11}</UniqueIdentifier>
      <Extensions>cpp;c;cxx;moc;h;def;odl;idl;res;</Extensions>
    </Filter>
    <Filter Include="Header Files">
      <UniqueIdentifier>{93995380-89BD-4b04-88EB-625FBE52EBFB}</UniqueIdentifier>
      <Extensions>h;hpp;hxx;hm;inl;inc;xsd</Extensions>
    </Filter>
    <Filter Include="Header Files">
      <UniqueIdentifier>{93995380-89BD-4b04-88EB-625FBE52EBFB}</UniqueIdentifier>
      <Extensions>h;hpp;hxx;hm;inl;inc;xsd</Extensions>
    </Filter>
    <Filter Include="Source Files">
      <UniqueIdentifier>{4FC737F1-C7A5-4376-A066-2A32D752A2FF}</UniqueIdentifier>
      <Extensions>cpp;c;cxx;def;odl;idl;hpj;bat;asm;asmx</Extensions>
    </Filter>
    <Filter Include="Source Files">
      <UniqueIdentifier>{4FC737F1-C7A5-4376-A066-2A32D752A2FF}</UniqueIdentifier>
      <Extensions>cpp;c;cxx;def;odl;idl;hpj;bat;asm;asmx</Extensions>
    </Filter>
    <Filter Include="Additionnal Include">
      <UniqueIdentifier>{049fb405-3714-4b8e-95dd-ba3b4c6ddca8}</UniqueIdentifier>
    </Filter>
  </ItemGroup>
  <ItemGroup>
    <ClCompile Include="inputmanager.cpp">
      <Filter>Source Files</Filter>
    </ClCompile>
    <ClCompile Include="main.cpp">
      <Filter>Source Files</Filter>
    </ClCompile>
    <ClCompile Include="maploader.cpp">
      <Filter>Source Files</Filter>
    </ClCompile>
    <ClCompile Include="position.cpp">
      <Filter>Source Files</Filter>
    </ClCompile>
    <ClCompile Include="screen_game.cpp">
      <Filter>Source Files</Filter>
    </ClCompile>
    <ClCompile Include="screen_home.cpp">
      <Filter>Source Files</Filter>
    </ClCompile>
    <ClCompile Include="screen_select_level.cpp">
      <Filter>Source Files</Filter>
    </ClCompile>
    <ClCompile Include="screen_settings.cpp">
      <Filter>Source Files</Filter>
    </ClCompile>
    <ClCompile Include="subscreen_game_grid.cpp">
      <Filter>Source Files</Filter>
    </ClCompile>
    <ClCompile Include="userProfile.cpp">
      <Filter>Source Files</Filter>
    </ClCompile>
    <ClCompile Include="window_main.cpp">
      <Filter>Source Files</Filter>
    </ClCompile>
    <ClCompile Include="include\serial\SerialPort.cpp">
      <Filter>Additionnal Include</Filter>
    </ClCompile>
  </ItemGroup>
  <ItemGroup>
    <ClInclude Include="inputmanager.h">
      <Filter>Header Files</Filter>
    </ClInclude>
    <ClInclude Include="maploader.h">
      <Filter>Header Files</Filter>
    </ClInclude>
    <ClInclude Include="position.h">
      <Filter>Header Files</Filter>
    </ClInclude>
    <CustomBuild Include="screen_game.h">
      <Filter>Header Files</Filter>
    </CustomBuild>
    <CustomBuild Include="screen_home.h">
      <Filter>Header Files</Filter>
    </CustomBuild>
    <CustomBuild Include="screen_select_level.h">
      <Filter>Header Files</Filter>
    </CustomBuild>
    <CustomBuild Include="screen_settings.h">
      <Filter>Header Files</Filter>
    </CustomBuild>
    <CustomBuild Include="subscreen_game_grid.h">
      <Filter>Header Files</Filter>
    </CustomBuild>
    <ClInclude Include="userProfile.h">
      <Filter>Header Files</Filter>
    </ClInclude>
    <CustomBuild Include="window_main.h">
      <Filter>Header Files</Filter>
    </CustomBuild>
    <ClInclude Include="include\json.hpp">
      <Filter>Additionnal Include</Filter>
    </ClInclude>
    <ClInclude Include="include\serial\SerialPort.hpp">
      <Filter>Additionnal Include</Filter>
    </ClInclude>
  </ItemGroup>
  <ItemGroup>
    <CustomBuild Include="debug\moc_predefs.h.cbt">
      <Filter>Generated Files</Filter>
    </CustomBuild>
    <CustomBuild Include="release\moc_predefs.h.cbt">
      <Filter>Generated Files</Filter>
    </CustomBuild>
    <ClCompile Include="debug\moc_screen_game.cpp">
      <Filter>Generated Files</Filter>
    </ClCompile>
    <ClCompile Include="release\moc_screen_game.cpp">
      <Filter>Generated Files</Filter>
    </ClCompile>
    <ClCompile Include="debug\moc_screen_home.cpp">
      <Filter>Generated Files</Filter>
    </ClCompile>
    <ClCompile Include="release\moc_screen_home.cpp">
      <Filter>Generated Files</Filter>
    </ClCompile>
    <ClCompile Include="debug\moc_screen_select_level.cpp">
      <Filter>Generated Files</Filter>
    </ClCompile>
    <ClCompile Include="release\moc_screen_select_level.cpp">
      <Filter>Generated Files</Filter>
    </ClCompile>
    <ClCompile Include="debug\moc_screen_settings.cpp">
      <Filter>Generated Files</Filter>
    </ClCompile>
    <ClCompile Include="release\moc_screen_settings.cpp">
      <Filter>Generated Files</Filter>
    </ClCompile>
    <ClCompile Include="debug\moc_subscreen_game_grid.cpp">
      <Filter>Generated Files</Filter>
    </ClCompile>
    <ClCompile Include="release\moc_subscreen_game_grid.cpp">
      <Filter>Generated Files</Filter>
    </ClCompile>
    <ClCompile Include="debug\moc_window_main.cpp">
      <Filter>Generated Files</Filter>
    </ClCompile>
    <ClCompile Include="release\moc_window_main.cpp">
      <Filter>Generated Files</Filter>
    </ClCompile>
  </ItemGroup>
</Project>